
Microsoft Visual Studio Solution File, Format Version 12.00
# Visual Studio Version 17
VisualStudioVersion = 17.8.34322.80
MinimumVisualStudioVersion = 10.0.40219.1
Project("{FAE04EC0-301F-11D3-BF4B-00C04F79EFBC}") = "dom aukcyjny server", "dom aukcyjny server.csproj", "{2208A76E-087B-4EC2-8795-4390826EFF75}"
EndProject
Global
	GlobalSection(SolutionConfigurationPlatforms) = preSolution
		Debug|Any CPU = Debug|Any CPU
		Release|Any CPU = Release|Any CPU
	EndGlobalSection
	GlobalSection(ProjectConfigurationPlatforms) = postSolution
		{2208A76E-087B-4EC2-8795-4390826EFF75}.Debug|Any CPU.ActiveCfg = Debug|Any CPU
		{2208A76E-087B-4EC2-8795-4390826EFF75}.Debug|Any CPU.Build.0 = Debug|Any CPU
		{2208A76E-087B-4EC2-8795-4390826EFF75}.Release|Any CPU.ActiveCfg = Release|Any CPU
		{2208A76E-087B-4EC2-8795-4390826EFF75}.Release|Any CPU.Build.0 = Release|Any CPU
	EndGlobalSection
	GlobalSection(SolutionProperties) = preSolution
		HideSolutionNode = FALSE
	EndGlobalSection
	GlobalSection(ExtensibilityGlobals) = postSolution
		SolutionGuid = {A9ACA6F8-AA21-4CD2-BE81-A9BF70D7B00F}
	EndGlobalSection
EndGlobal
